{
  "name": "Reserva-de-Salas",
  "requires": true,
  "lockfileVersion": 1,
  "dependencies": {
    "jquery": {
      "version": "3.3.1",
      "resolved": "https://registry.npmjs.org/jquery/-/jquery-3.3.1.tgz",
      "integrity": "sha512-Ubldcmxp5np52/ENotGxlLe6aGMvmF4R8S6tZjsP6Knsaxd/xp3Zrh50cG93lR6nPXyUFwzN3ZSOQI0wRJNdGg=="
    },
    "popper.js": {
      "version": "1.14.4",
      "resolved": "https://registry.npmjs.org/popper.js/-/popper.js-1.14.4.tgz",
      "integrity": "sha1-juwdj/AqWjoVLdQ0FKFce3n9abY="
    },
    "tooltip.js": {
      "version": "1.3.0",
      "resolved": "https://registry.npmjs.org/tooltip.js/-/tooltip.js-1.3.0.tgz",
      "integrity": "sha512-5aj0jSQ2J8OOKRPTricY45HNUPRVbVRJZpZm2Wy9pd5BknGEc6epHwJ1eFvEmhXc3hpocDyRpZq31IiWcmcLVg==",
      "requires": {
        "popper.js": "^1.0.2"
      }
    }
  }
}
